services:
    purethink.admin.block.article:
        class: Purethink\AdminBundle\Block\ArticleBlock
        tags:
            - { name: sonata.block }
        arguments: ["purethink.admin.block.article", '@templating', '@doctrine.orm.entity_manager']

    purethink.admin.block.user:
        class: Purethink\AdminBundle\Block\UserBlock
        tags:
            - { name: sonata.block }
        arguments: ["purethink.admin.block.user", '@templating', '@doctrine.orm.entity_manager']

    purethink.admin.block.contact:
        class: Purethink\AdminBundle\Block\ContactBlock
        tags:
            - { name: sonata.block }
        arguments: ["purethink.admin.block.contact", '@templating', '@doctrine.orm.entity_manager']